
Microsoft Visual Studio Solution File, Format Version 12.00
# Visual Studio Version 16
VisualStudioVersion = 16.0.29306.81
MinimumVisualStudioVersion = 10.0.40219.1
Project("{FAE04EC0-301F-11D3-BF4B-00C04F79EFBC}") = "RomanNumeralsTests", "RomanNumeralsTests\RomanNumeralsTests.csproj", "{8C5E793D-764A-4D50-A513-DA357B717B3A}"
EndProject
Project("{FAE04EC0-301F-11D3-BF4B-00C04F79EFBC}") = "RomanNumerals", "RomanNumerals\RomanNumerals.csproj", "{C20B30BF-C16B-49B6-8C97-28DDE17E8BF8}"
EndProject
Global
	GlobalSection(SolutionConfigurationPlatforms) = preSolution
		Debug|Any CPU = Debug|Any CPU
		Release|Any CPU = Release|Any CPU
	EndGlobalSection
	GlobalSection(ProjectConfigurationPlatforms) = postSolution
		{8C5E793D-764A-4D50-A513-DA357B717B3A}.Debug|Any CPU.ActiveCfg = Debug|Any CPU
		{8C5E793D-764A-4D50-A513-DA357B717B3A}.Debug|Any CPU.Build.0 = Debug|Any CPU
		{8C5E793D-764A-4D50-A513-DA357B717B3A}.Release|Any CPU.ActiveCfg = Release|Any CPU
		{8C5E793D-764A-4D50-A513-DA357B717B3A}.Release|Any CPU.Build.0 = Release|Any CPU
		{C20B30BF-C16B-49B6-8C97-28DDE17E8BF8}.Debug|Any CPU.ActiveCfg = Debug|Any CPU
		{C20B30BF-C16B-49B6-8C97-28DDE17E8BF8}.Debug|Any CPU.Build.0 = Debug|Any CPU
		{C20B30BF-C16B-49B6-8C97-28DDE17E8BF8}.Release|Any CPU.ActiveCfg = Release|Any CPU
		{C20B30BF-C16B-49B6-8C97-28DDE17E8BF8}.Release|Any CPU.Build.0 = Release|Any CPU
	EndGlobalSection
	GlobalSection(SolutionProperties) = preSolution
		HideSolutionNode = FALSE
	EndGlobalSection
	GlobalSection(ExtensibilityGlobals) = postSolution
		SolutionGuid = {449AF3FD-5528-49AF-A301-2301817653BF}
	EndGlobalSection
EndGlobal
